
Microsoft Visual Studio Solution File, Format Version 12.00
# Visual Studio Version 17
VisualStudioVersion = 17.11.35431.28
MinimumVisualStudioVersion = 10.0.40219.1
Project("{FAE04EC0-301F-11D3-BF4B-00C04F79EFBC}") = "Transplante.API", "Transplante.Backend\Transplante.API.csproj", "{5308D501-C787-4957-8CC7-2DA4C559E89F}"
EndProject
Project("{FAE04EC0-301F-11D3-BF4B-00C04F79EFBC}") = "Transplante.Application", "Transplante.Application\Transplante.Application.csproj", "{38C89BD6-E961-496E-B994-BA04EC539847}"
EndProject
Project("{FAE04EC0-301F-11D3-BF4B-00C04F79EFBC}") = "Transplante.Domain", "Transplante.Domain\Transplante.Domain.csproj", "{1F4CC8AA-28A3-408B-9C72-E513849F692E}"
EndProject
Project("{FAE04EC0-301F-11D3-BF4B-00C04F79EFBC}") = "Transplante.Insfrastructure", "Transplante.Insfrastructure\Transplante.Insfrastructure.csproj", "{4807EBCF-AB8D-4944-A7B1-8E62508CA9C2}"
EndProject
Global
	GlobalSection(SolutionConfigurationPlatforms) = preSolution
		Debug|Any CPU = Debug|Any CPU
		Release|Any CPU = Release|Any CPU
	EndGlobalSection
	GlobalSection(ProjectConfigurationPlatforms) = postSolution
		{5308D501-C787-4957-8CC7-2DA4C559E89F}.Debug|Any CPU.ActiveCfg = Debug|Any CPU
		{5308D501-C787-4957-8CC7-2DA4C559E89F}.Debug|Any CPU.Build.0 = Debug|Any CPU
		{5308D501-C787-4957-8CC7-2DA4C559E89F}.Release|Any CPU.ActiveCfg = Release|Any CPU
		{5308D501-C787-4957-8CC7-2DA4C559E89F}.Release|Any CPU.Build.0 = Release|Any CPU
		{38C89BD6-E961-496E-B994-BA04EC539847}.Debug|Any CPU.ActiveCfg = Debug|Any CPU
		{38C89BD6-E961-496E-B994-BA04EC539847}.Debug|Any CPU.Build.0 = Debug|Any CPU
		{38C89BD6-E961-496E-B994-BA04EC539847}.Release|Any CPU.ActiveCfg = Release|Any CPU
		{38C89BD6-E961-496E-B994-BA04EC539847}.Release|Any CPU.Build.0 = Release|Any CPU
		{1F4CC8AA-28A3-408B-9C72-E513849F692E}.Debug|Any CPU.ActiveCfg = Debug|Any CPU
		{1F4CC8AA-28A3-408B-9C72-E513849F692E}.Debug|Any CPU.Build.0 = Debug|Any CPU
		{1F4CC8AA-28A3-408B-9C72-E513849F692E}.Release|Any CPU.ActiveCfg = Release|Any CPU
		{1F4CC8AA-28A3-408B-9C72-E513849F692E}.Release|Any CPU.Build.0 = Release|Any CPU
		{4807EBCF-AB8D-4944-A7B1-8E62508CA9C2}.Debug|Any CPU.ActiveCfg = Debug|Any CPU
		{4807EBCF-AB8D-4944-A7B1-8E62508CA9C2}.Debug|Any CPU.Build.0 = Debug|Any CPU
		{4807EBCF-AB8D-4944-A7B1-8E62508CA9C2}.Release|Any CPU.ActiveCfg = Release|Any CPU
		{4807EBCF-AB8D-4944-A7B1-8E62508CA9C2}.Release|Any CPU.Build.0 = Release|Any CPU
	EndGlobalSection
	GlobalSection(SolutionProperties) = preSolution
		HideSolutionNode = FALSE
	EndGlobalSection
	GlobalSection(ExtensibilityGlobals) = postSolution
		SolutionGuid = {35E8B392-BE87-4CC8-BF93-C31DFF50142D}
	EndGlobalSection
EndGlobal
